
Microsoft Visual Studio Solution File, Format Version 12.00
# Visual Studio Version 17
VisualStudioVersion = 17.11.35327.3
MinimumVisualStudioVersion = 10.0.40219.1
Project("{FAE04EC0-301F-11D3-BF4B-00C04F79EFBC}") = "Tyuiu.KhakimovDKh.Sprint0.Task0.V0", "Tyuiu.KhakimovDKh.Sprint0.Task0.V0\Tyuiu.KhakimovDKh.Sprint0.Task0.V0.csproj", "{6747950A-12D2-4D22-899C-CF60E8ADCFEE}"
EndProject
Global
	GlobalSection(SolutionConfigurationPlatforms) = preSolution
		Debug|Any CPU = Debug|Any CPU
		Release|Any CPU = Release|Any CPU
	EndGlobalSection
	GlobalSection(ProjectConfigurationPlatforms) = postSolution
		{6747950A-12D2-4D22-899C-CF60E8ADCFEE}.Debug|Any CPU.ActiveCfg = Debug|Any CPU
		{6747950A-12D2-4D22-899C-CF60E8ADCFEE}.Debug|Any CPU.Build.0 = Debug|Any CPU
		{6747950A-12D2-4D22-899C-CF60E8ADCFEE}.Release|Any CPU.ActiveCfg = Release|Any CPU
		{6747950A-12D2-4D22-899C-CF60E8ADCFEE}.Release|Any CPU.Build.0 = Release|Any CPU
	EndGlobalSection
	GlobalSection(SolutionProperties) = preSolution
		HideSolutionNode = FALSE
	EndGlobalSection
	GlobalSection(ExtensibilityGlobals) = postSolution
		SolutionGuid = {FF82991B-FA61-4C4B-AC59-E6A5CD383BEB}
	EndGlobalSection
EndGlobal
